// !$*UTF8*$!
{
	archiveVersion = 1;
	classes = {
	};
	objectVersion = 55;
	objects = {

/* Begin PBXBuildFile section */
		540AD27C42E69E4B368309F2 /* Pods_WeatherApp.framework in Frameworks */ = {isa = PBXBuildFile; fileRef = C0399CC18B97AE8EFC903C4B /* Pods_WeatherApp.framework */; };
		5908C0AF27B85A2E002DA7FC /* AppDelegate.swift in Sources */ = {isa = PBXBuildFile; fileRef = 5908C0AE27B85A2E002DA7FC /* AppDelegate.swift */; };
		5908C0B127B85A2E002DA7FC /* SceneDelegate.swift in Sources */ = {isa = PBXBuildFile; fileRef = 5908C0B027B85A2E002DA7FC /* SceneDelegate.swift */; };
		5908C0B627B85A2E002DA7FC /* Main.storyboard in Resources */ = {isa = PBXBuildFile; fileRef = 5908C0B427B85A2E002DA7FC /* Main.storyboard */; };
		5908C0B827B85A2F002DA7FC /* Assets.xcassets in Resources */ = {isa = PBXBuildFile; fileRef = 5908C0B727B85A2F002DA7FC /* Assets.xcassets */; };
		5908C0BB27B85A2F002DA7FC /* LaunchScreen.storyboard in Resources */ = {isa = PBXBuildFile; fileRef = 5908C0B927B85A2F002DA7FC /* LaunchScreen.storyboard */; };
		5908C0C427B87D4C002DA7FC /* LocationService.swift in Sources */ = {isa = PBXBuildFile; fileRef = 5908C0C327B87D4C002DA7FC /* LocationService.swift */; };
		5908C0DA27B94BA6002DA7FC /* APIError.swift in Sources */ = {isa = PBXBuildFile; fileRef = 5908C0CD27B94BA6002DA7FC /* APIError.swift */; };
		5908C0DB27B94BA6002DA7FC /* TargetType.swift in Sources */ = {isa = PBXBuildFile; fileRef = 5908C0CF27B94BA6002DA7FC /* TargetType.swift */; };
		5908C0DC27B94BA6002DA7FC /* HTTPMethod.swift in Sources */ = {isa = PBXBuildFile; fileRef = 5908C0D027B94BA6002DA7FC /* HTTPMethod.swift */; };
		5908C0DD27B94BA6002DA7FC /* NetworkingBaseService.swift in Sources */ = {isa = PBXBuildFile; fileRef = 5908C0D127B94BA6002DA7FC /* NetworkingBaseService.swift */; };
		5908C0DE27B94BA6002DA7FC /* Task.swift in Sources */ = {isa = PBXBuildFile; fileRef = 5908C0D227B94BA6002DA7FC /* Task.swift */; };
		5908C0DF27B94BA6002DA7FC /* OpenWeatherForm.swift in Sources */ = {isa = PBXBuildFile; fileRef = 5908C0D527B94BA6002DA7FC /* OpenWeatherForm.swift */; };
		5908C0E027B94BA6002DA7FC /* ApiServise.swift in Sources */ = {isa = PBXBuildFile; fileRef = 5908C0D627B94BA6002DA7FC /* ApiServise.swift */; };
		5908C0E127B94BA6002DA7FC /* Networking.swift in Sources */ = {isa = PBXBuildFile; fileRef = 5908C0D727B94BA6002DA7FC /* Networking.swift */; };
		5908C0E227B94BA6002DA7FC /* Encodable+Extension.swift in Sources */ = {isa = PBXBuildFile; fileRef = 5908C0D927B94BA6002DA7FC /* Encodable+Extension.swift */; };
		5908C0E527B94C76002DA7FC /* OpenWeather.swift in Sources */ = {isa = PBXBuildFile; fileRef = 5908C0E327B94C76002DA7FC /* OpenWeather.swift */; };
		59313D9827B970C5009A8BED /* Global Functions.swift in Sources */ = {isa = PBXBuildFile; fileRef = 59313D9727B970C5009A8BED /* Global Functions.swift */; };
		59313D9A27B9716F009A8BED /* WeatherVC.swift in Sources */ = {isa = PBXBuildFile; fileRef = 59313D9927B9716F009A8BED /* WeatherVC.swift */; };
		59404AC827BC17560055E0D0 /* WeatherViewModel.swift in Sources */ = {isa = PBXBuildFile; fileRef = 59404AC727BC17560055E0D0 /* WeatherViewModel.swift */; };
		59404ACA27BC1B100055E0D0 /* WeatherCellViewModel.swift in Sources */ = {isa = PBXBuildFile; fileRef = 59404AC927BC1B100055E0D0 /* WeatherCellViewModel.swift */; };
		5984813A27BCE66B00C9204D /* WeatherView.xib in Resources */ = {isa = PBXBuildFile; fileRef = 5984813927BCE66B00C9204D /* WeatherView.xib */; };
		5984813C27BCE72E00C9204D /* WeatherView.swift in Sources */ = {isa = PBXBuildFile; fileRef = 5984813B27BCE72E00C9204D /* WeatherView.swift */; };
		59C37C7C27B98D5600F32396 /* WeatherCell.swift in Sources */ = {isa = PBXBuildFile; fileRef = 59C37C7B27B98D5600F32396 /* WeatherCell.swift */; };
/* End PBXBuildFile section */

/* Begin PBXFileReference section */
		3CB412DD0009DEE2823130F2 /* Pods-WeatherApp.debug.xcconfig */ = {isa = PBXFileReference; includeInIndex = 1; lastKnownFileType = text.xcconfig; name = "Pods-WeatherApp.debug.xcconfig"; path = "Target Support Files/Pods-WeatherApp/Pods-WeatherApp.debug.xcconfig"; sourceTree = "<group>"; };
		5908C0AB27B85A2E002DA7FC /* WeatherApp.app */ = {isa = PBXFileReference; explicitFileType = wrapper.application; includeInIndex = 0; path = WeatherApp.app; sourceTree = BUILT_PRODUCTS_DIR; };
		5908C0AE27B85A2E002DA7FC /* AppDelegate.swift */ = {isa = PBXFileReference; lastKnownFileType = sourcecode.swift; path = AppDelegate.swift; sourceTree = "<group>"; };
		5908C0B027B85A2E002DA7FC /* SceneDelegate.swift */ = {isa = PBXFileReference; lastKnownFileType = sourcecode.swift; path = SceneDelegate.swift; sourceTree = "<group>"; };
		5908C0B527B85A2E002DA7FC /* Base */ = {isa = PBXFileReference; lastKnownFileType = file.storyboard; name = Base; path = Base.lproj/Main.storyboard; sourceTree = "<group>"; };
		5908C0B727B85A2F002DA7FC /* Assets.xcassets */ = {isa = PBXFileReference; lastKnownFileType = folder.assetcatalog; path = Assets.xcassets; sourceTree = "<group>"; };
		5908C0BA27B85A2F002DA7FC /* Base */ = {isa = PBXFileReference; lastKnownFileType = file.storyboard; name = Base; path = Base.lproj/LaunchScreen.storyboard; sourceTree = "<group>"; };
		5908C0BC27B85A2F002DA7FC /* Info.plist */ = {isa = PBXFileReference; lastKnownFileType = text.plist.xml; path = Info.plist; sourceTree = "<group>"; };
		5908C0C327B87D4C002DA7FC /* LocationService.swift */ = {isa = PBXFileReference; lastKnownFileType = sourcecode.swift; path = LocationService.swift; sourceTree = "<group>"; };
		5908C0CD27B94BA6002DA7FC /* APIError.swift */ = {isa = PBXFileReference; fileEncoding = 4; lastKnownFileType = sourcecode.swift; path = APIError.swift; sourceTree = "<group>"; };
		5908C0CF27B94BA6002DA7FC /* TargetType.swift */ = {isa = PBXFileReference; fileEncoding = 4; lastKnownFileType = sourcecode.swift; path = TargetType.swift; sourceTree = "<group>"; };
		5908C0D027B94BA6002DA7FC /* HTTPMethod.swift */ = {isa = PBXFileReference; fileEncoding = 4; lastKnownFileType = sourcecode.swift; path = HTTPMethod.swift; sourceTree = "<group>"; };
		5908C0D127B94BA6002DA7FC /* NetworkingBaseService.swift */ = {isa = PBXFileReference; fileEncoding = 4; lastKnownFileType = sourcecode.swift; path = NetworkingBaseService.swift; sourceTree = "<group>"; };
		5908C0D227B94BA6002DA7FC /* Task.swift */ = {isa = PBXFileReference; fileEncoding = 4; lastKnownFileType = sourcecode.swift; path = Task.swift; sourceTree = "<group>"; };
		5908C0D527B94BA6002DA7FC /* OpenWeatherForm.swift */ = {isa = PBXFileReference; fileEncoding = 4; lastKnownFileType = sourcecode.swift; path = OpenWeatherForm.swift; sourceTree = "<group>"; };
		5908C0D627B94BA6002DA7FC /* ApiServise.swift */ = {isa = PBXFileReference; fileEncoding = 4; lastKnownFileType = sourcecode.swift; path = ApiServise.swift; sourceTree = "<group>"; };
		5908C0D727B94BA6002DA7FC /* Networking.swift */ = {isa = PBXFileReference; fileEncoding = 4; lastKnownFileType = sourcecode.swift; path = Networking.swift; sourceTree = "<group>"; };
		5908C0D927B94BA6002DA7FC /* Encodable+Extension.swift */ = {isa = PBXFileReference; fileEncoding = 4; lastKnownFileType = sourcecode.swift; path = "Encodable+Extension.swift"; sourceTree = "<group>"; };
		5908C0E327B94C76002DA7FC /* OpenWeather.swift */ = {isa = PBXFileReference; fileEncoding = 4; lastKnownFileType = sourcecode.swift; path = OpenWeather.swift; sourceTree = "<group>"; };
		592FA02272B9A75927A63416 /* Pods-WeatherApp.release.xcconfig */ = {isa = PBXFileReference; includeInIndex = 1; lastKnownFileType = text.xcconfig; name = "Pods-WeatherApp.release.xcconfig"; path = "Target Support Files/Pods-WeatherApp/Pods-WeatherApp.release.xcconfig"; sourceTree = "<group>"; };
		59313D9727B970C5009A8BED /* Global Functions.swift */ = {isa = PBXFileReference; fileEncoding = 4; lastKnownFileType = sourcecode.swift; path = "Global Functions.swift"; sourceTree = "<group>"; };
		59313D9927B9716F009A8BED /* WeatherVC.swift */ = {isa = PBXFileReference; fileEncoding = 4; lastKnownFileType = sourcecode.swift; path = WeatherVC.swift; sourceTree = "<group>"; };
		59404AC727BC17560055E0D0 /* WeatherViewModel.swift */ = {isa = PBXFileReference; lastKnownFileType = sourcecode.swift; path = WeatherViewModel.swift; sourceTree = "<group>"; };
		59404AC927BC1B100055E0D0 /* WeatherCellViewModel.swift */ = {isa = PBXFileReference; lastKnownFileType = sourcecode.swift; path = WeatherCellViewModel.swift; sourceTree = "<group>"; };
		5984813927BCE66B00C9204D /* WeatherView.xib */ = {isa = PBXFileReference; lastKnownFileType = file.xib; path = WeatherView.xib; sourceTree = "<group>"; };
		5984813B27BCE72E00C9204D /* WeatherView.swift */ = {isa = PBXFileReference; lastKnownFileType = sourcecode.swift; path = WeatherView.swift; sourceTree = "<group>"; };
		59C37C7B27B98D5600F32396 /* WeatherCell.swift */ = {isa = PBXFileReference; lastKnownFileType = sourcecode.swift; path = WeatherCell.swift; sourceTree = "<group>"; };
		C0399CC18B97AE8EFC903C4B /* Pods_WeatherApp.framework */ = {isa = PBXFileReference; explicitFileType = wrapper.framework; includeInIndex = 0; path = Pods_WeatherApp.framework; sourceTree = BUILT_PRODUCTS_DIR; };
/* End PBXFileReference section */

/* Begin PBXFrameworksBuildPhase section */
		5908C0A827B85A2E002DA7FC /* Frameworks */ = {
			isa = PBXFrameworksBuildPhase;
			buildActionMask = 2147483647;
			files = (
				540AD27C42E69E4B368309F2 /* Pods_WeatherApp.framework in Frameworks */,
			);
			runOnlyForDeploymentPostprocessing = 0;
		};
/* End PBXFrameworksBuildPhase section */

/* Begin PBXGroup section */
		5908C0A227B85A2E002DA7FC = {
			isa = PBXGroup;
			children = (
				5908C0AD27B85A2E002DA7FC /* WeatherApp */,
				5908C0AC27B85A2E002DA7FC /* Products */,
				6A2B4CD0DDC7F66ABC9AF401 /* Pods */,
				C67B62DB648600332BB69C9F /* Frameworks */,
			);
			sourceTree = "<group>";
		};
		5908C0AC27B85A2E002DA7FC /* Products */ = {
			isa = PBXGroup;
			children = (
				5908C0AB27B85A2E002DA7FC /* WeatherApp.app */,
			);
			name = Products;
			sourceTree = "<group>";
		};
		5908C0AD27B85A2E002DA7FC /* WeatherApp */ = {
			isa = PBXGroup;
			children = (
				5908C0C227B87D2E002DA7FC /* Service */,
				5908C0D827B94BA6002DA7FC /* Encodable+Extension */,
				5908C0C627B9092F002DA7FC /* Models */,
				5908C0C527B90926002DA7FC /* View */,
				59C37C7D27B9DCC400F32396 /* Controllers */,
				5908C0AE27B85A2E002DA7FC /* AppDelegate.swift */,
				5908C0B027B85A2E002DA7FC /* SceneDelegate.swift */,
				5908C0B727B85A2F002DA7FC /* Assets.xcassets */,
				5908C0B927B85A2F002DA7FC /* LaunchScreen.storyboard */,
				5908C0BC27B85A2F002DA7FC /* Info.plist */,
			);
			path = WeatherApp;
			sourceTree = "<group>";
		};
		5908C0C227B87D2E002DA7FC /* Service */ = {
			isa = PBXGroup;
			children = (
				5908C0C327B87D4C002DA7FC /* LocationService.swift */,
				5908C0D327B94BA6002DA7FC /* ApiService */,
			);
			path = Service;
			sourceTree = "<group>";
		};
		5908C0C527B90926002DA7FC /* View */ = {
			isa = PBXGroup;
			children = (
				5908C0B427B85A2E002DA7FC /* Main.storyboard */,
				59C37C7A27B98D3300F32396 /* Cell */,
			);
			path = View;
			sourceTree = "<group>";
		};
		5908C0C627B9092F002DA7FC /* Models */ = {
			isa = PBXGroup;
			children = (
				5908C0E327B94C76002DA7FC /* OpenWeather.swift */,
			);
			path = Models;
			sourceTree = "<group>";
		};
		5908C0CB27B94BA6002DA7FC /* NetworkingService */ = {
			isa = PBXGroup;
			children = (
				5908C0CC27B94BA6002DA7FC /* Error */,
				5908C0CE27B94BA6002DA7FC /* Base */,
			);
			path = NetworkingService;
			sourceTree = "<group>";
		};
		5908C0CC27B94BA6002DA7FC /* Error */ = {
			isa = PBXGroup;
			children = (
				5908C0CD27B94BA6002DA7FC /* APIError.swift */,
			);
			path = Error;
			sourceTree = "<group>";
		};
		5908C0CE27B94BA6002DA7FC /* Base */ = {
			isa = PBXGroup;
			children = (
				5908C0CF27B94BA6002DA7FC /* TargetType.swift */,
				5908C0D027B94BA6002DA7FC /* HTTPMethod.swift */,
				5908C0D127B94BA6002DA7FC /* NetworkingBaseService.swift */,
				5908C0D227B94BA6002DA7FC /* Task.swift */,
			);
			path = Base;
			sourceTree = "<group>";
		};
		5908C0D327B94BA6002DA7FC /* ApiService */ = {
			isa = PBXGroup;
			children = (
				5908C0CB27B94BA6002DA7FC /* NetworkingService */,
				5908C0D427B94BA6002DA7FC /* NetworkinForm */,
				5908C0D627B94BA6002DA7FC /* ApiServise.swift */,
				5908C0D727B94BA6002DA7FC /* Networking.swift */,
			);
			path = ApiService;
			sourceTree = "<group>";
		};
		5908C0D427B94BA6002DA7FC /* NetworkinForm */ = {
			isa = PBXGroup;
			children = (
				5908C0D527B94BA6002DA7FC /* OpenWeatherForm.swift */,
			);
			path = NetworkinForm;
			sourceTree = "<group>";
		};
		5908C0D827B94BA6002DA7FC /* Encodable+Extension */ = {
			isa = PBXGroup;
			children = (
				59313D9727B970C5009A8BED /* Global Functions.swift */,
				5908C0D927B94BA6002DA7FC /* Encodable+Extension.swift */,
			);
			path = "Encodable+Extension";
			sourceTree = "<group>";
		};
		59C37C7A27B98D3300F32396 /* Cell */ = {
			isa = PBXGroup;
			children = (
				59404AC927BC1B100055E0D0 /* WeatherCellViewModel.swift */,
				59C37C7B27B98D5600F32396 /* WeatherCell.swift */,
				5984813927BCE66B00C9204D /* WeatherView.xib */,
				5984813B27BCE72E00C9204D /* WeatherView.swift */,
			);
			path = Cell;
			sourceTree = "<group>";
		};
		59C37C7D27B9DCC400F32396 /* Controllers */ = {
			isa = PBXGroup;
			children = (
				59404AC727BC17560055E0D0 /* WeatherViewModel.swift */,
				59313D9927B9716F009A8BED /* WeatherVC.swift */,
			);
			path = Controllers;
			sourceTree = "<group>";
		};
		6A2B4CD0DDC7F66ABC9AF401 /* Pods */ = {
			isa = PBXGroup;
			children = (
				3CB412DD0009DEE2823130F2 /* Pods-WeatherApp.debug.xcconfig */,
				592FA02272B9A75927A63416 /* Pods-WeatherApp.release.xcconfig */,
			);
			path = Pods;
			sourceTree = "<group>";
		};
		C67B62DB648600332BB69C9F /* Frameworks */ = {
			isa = PBXGroup;
			children = (
				C0399CC18B97AE8EFC903C4B /* Pods_WeatherApp.framework */,
			);
			name = Frameworks;
			sourceTree = "<group>";
		};
/* End PBXGroup section */

/* Begin PBXNativeTarget section */
		5908C0AA27B85A2E002DA7FC /* WeatherApp */ = {
			isa = PBXNativeTarget;
			buildConfigurationList = 5908C0BF27B85A2F002DA7FC /* Build configuration list for PBXNativeTarget "WeatherApp" */;
			buildPhases = (
				E764A14DC32C35BE5EB749BE /* [CP] Check Pods Manifest.lock */,
				5908C0A727B85A2E002DA7FC /* Sources */,
				5908C0A827B85A2E002DA7FC /* Frameworks */,
				5908C0A927B85A2E002DA7FC /* Resources */,
				49A0AA01EED753CD0B94C3AB /* [CP] Embed Pods Frameworks */,
				75E05AB8405C311F436C2675 /* [CP] Copy Pods Resources */,
			);
			buildRules = (
			);
			dependencies = (
			);
			name = WeatherApp;
			productName = WeatherApp;
			productReference = 5908C0AB27B85A2E002DA7FC /* WeatherApp.app */;
			productType = "com.apple.product-type.application";
		};
/* End PBXNativeTarget section */

/* Begin PBXProject section */
		5908C0A327B85A2E002DA7FC /* Project object */ = {
			isa = PBXProject;
			attributes = {
				BuildIndependentTargetsInParallel = 1;
				LastSwiftUpdateCheck = 1320;
				LastUpgradeCheck = 1320;
				TargetAttributes = {
					5908C0AA27B85A2E002DA7FC = {
						CreatedOnToolsVersion = 13.2.1;
					};
				};
			};
			buildConfigurationList = 5908C0A627B85A2E002DA7FC /* Build configuration list for PBXProject "WeatherApp" */;
			compatibilityVersion = "Xcode 13.0";
			developmentRegion = en;
			hasScannedForEncodings = 0;
			knownRegions = (
				en,
				Base,
			);
			mainGroup = 5908C0A227B85A2E002DA7FC;
			productRefGroup = 5908C0AC27B85A2E002DA7FC /* Products */;
			projectDirPath = "";
			projectRoot = "";
			targets = (
				5908C0AA27B85A2E002DA7FC /* WeatherApp */,
			);
		};
/* End PBXProject section */

/* Begin PBXResourcesBuildPhase section */
		5908C0A927B85A2E002DA7FC /* Resources */ = {
			isa = PBXResourcesBuildPhase;
			buildActionMask = 2147483647;
			files = (
				5908C0BB27B85A2F002DA7FC /* LaunchScreen.storyboard in Resources */,
				5908C0B827B85A2F002DA7FC /* Assets.xcassets in Resources */,
				5908C0B627B85A2E002DA7FC /* Main.storyboard in Resources */,
				5984813A27BCE66B00C9204D /* WeatherView.xib in Resources */,
			);
			runOnlyForDeploymentPostprocessing = 0;
		};
/* End PBXResourcesBuildPhase section */

/* Begin PBXShellScriptBuildPhase section */
		49A0AA01EED753CD0B94C3AB /* [CP] Embed Pods Frameworks */ = {
			isa = PBXShellScriptBuildPhase;
			buildActionMask = 2147483647;
			files = (
			);
			inputFileListPaths = (
				"${PODS_ROOT}/Target Support Files/Pods-WeatherApp/Pods-WeatherApp-frameworks-${CONFIGURATION}-input-files.xcfilelist",
			);
			name = "[CP] Embed Pods Frameworks";
			outputFileListPaths = (
				"${PODS_ROOT}/Target Support Files/Pods-WeatherApp/Pods-WeatherApp-frameworks-${CONFIGURATION}-output-files.xcfilelist",
			);
			runOnlyForDeploymentPostprocessing = 0;
			shellPath = /bin/sh;
			shellScript = "\"${PODS_ROOT}/Target Support Files/Pods-WeatherApp/Pods-WeatherApp-frameworks.sh\"\n";
			showEnvVarsInLog = 0;
		};
		75E05AB8405C311F436C2675 /* [CP] Copy Pods Resources */ = {
			isa = PBXShellScriptBuildPhase;
			buildActionMask = 2147483647;
			files = (
			);
			inputFileListPaths = (
				"${PODS_ROOT}/Target Support Files/Pods-WeatherApp/Pods-WeatherApp-resources-${CONFIGURATION}-input-files.xcfilelist",
			);
			name = "[CP] Copy Pods Resources";
			outputFileListPaths = (
				"${PODS_ROOT}/Target Support Files/Pods-WeatherApp/Pods-WeatherApp-resources-${CONFIGURATION}-output-files.xcfilelist",
			);
			runOnlyForDeploymentPostprocessing = 0;
			shellPath = /bin/sh;
			shellScript = "\"${PODS_ROOT}/Target Support Files/Pods-WeatherApp/Pods-WeatherApp-resources.sh\"\n";
			showEnvVarsInLog = 0;
		};
		E764A14DC32C35BE5EB749BE /* [CP] Check Pods Manifest.lock */ = {
			isa = PBXShellScriptBuildPhase;
			buildActionMask = 2147483647;
			files = (
			);
			inputFileListPaths = (
			);
			inputPaths = (
				"${PODS_PODFILE_DIR_PATH}/Podfile.lock",
				"${PODS_ROOT}/Manifest.lock",
			);
			name = "[CP] Check Pods Manifest.lock";
			outputFileListPaths = (
			);
			outputPaths = (
				"$(DERIVED_FILE_DIR)/Pods-WeatherApp-checkManifestLockResult.txt",
			);
			runOnlyForDeploymentPostprocessing = 0;
			shellPath = /bin/sh;
			shellScript = "diff \"${PODS_PODFILE_DIR_PATH}/Podfile.lock\" \"${PODS_ROOT}/Manifest.lock\" > /dev/null\nif [ $? != 0 ] ; then\n    # print error to STDERR\n    echo \"error: The sandbox is not in sync with the Podfile.lock. Run 'pod install' or update your CocoaPods installation.\" >&2\n    exit 1\nfi\n# This output is used by Xcode 'outputs' to avoid re-running this script phase.\necho \"SUCCESS\" > \"${SCRIPT_OUTPUT_FILE_0}\"\n";
			showEnvVarsInLog = 0;
		};
/* End PBXShellScriptBuildPhase section */

/* Begin PBXSourcesBuildPhase section */
		5908C0A727B85A2E002DA7FC /* Sources */ = {
			isa = PBXSourcesBuildPhase;
			buildActionMask = 2147483647;
			files = (
				5908C0E027B94BA6002DA7FC /* ApiServise.swift in Sources */,
				59C37C7C27B98D5600F32396 /* WeatherCell.swift in Sources */,
				5908C0DD27B94BA6002DA7FC /* NetworkingBaseService.swift in Sources */,
				59404ACA27BC1B100055E0D0 /* WeatherCellViewModel.swift in Sources */,
				5908C0AF27B85A2E002DA7FC /* AppDelegate.swift in Sources */,
				5908C0DE27B94BA6002DA7FC /* Task.swift in Sources */,
				5908C0C427B87D4C002DA7FC /* LocationService.swift in Sources */,
				5984813C27BCE72E00C9204D /* WeatherView.swift in Sources */,
				5908C0DF27B94BA6002DA7FC /* OpenWeatherForm.swift in Sources */,
				5908C0E227B94BA6002DA7FC /* Encodable+Extension.swift in Sources */,
				59313D9A27B9716F009A8BED /* WeatherVC.swift in Sources */,
				5908C0DB27B94BA6002DA7FC /* TargetType.swift in Sources */,
				5908C0DC27B94BA6002DA7FC /* HTTPMethod.swift in Sources */,
				59404AC827BC17560055E0D0 /* WeatherViewModel.swift in Sources */,
				59313D9827B970C5009A8BED /* Global Functions.swift in Sources */,
				5908C0B127B85A2E002DA7FC /* SceneDelegate.swift in Sources */,
				5908C0DA27B94BA6002DA7FC /* APIError.swift in Sources */,
				5908C0E527B94C76002DA7FC /* OpenWeather.swift in Sources */,
				5908C0E127B94BA6002DA7FC /* Networking.swift in Sources */,
			);
			runOnlyForDeploymentPostprocessing = 0;
		};
/* End PBXSourcesBuildPhase section */

/* Begin PBXVariantGroup section */
		5908C0B427B85A2E002DA7FC /* Main.storyboard */ = {
			isa = PBXVariantGroup;
			children = (
				5908C0B527B85A2E002DA7FC /* Base */,
			);
			name = Main.storyboard;
			sourceTree = "<group>";
		};
		5908C0B927B85A2F002DA7FC /* LaunchScreen.storyboard */ = {
			isa = PBXVariantGroup;
			children = (
				5908C0BA27B85A2F002DA7FC /* Base */,
			);
			name = LaunchScreen.storyboard;
			sourceTree = "<group>";
		};
/* End PBXVariantGroup section */

/* Begin XCBuildConfiguration section */
		5908C0BD27B85A2F002DA7FC /* Debug */ = {
			isa = XCBuildConfiguration;
			buildSettings = {
				ALWAYS_SEARCH_USER_PATHS = NO;
				CLANG_ANALYZER_NONNULL = YES;
				CLANG_ANALYZER_NUMBER_OBJECT_CONVERSION = YES_AGGRESSIVE;
				CLANG_CXX_LANGUAGE_STANDARD = "gnu++17";
				CLANG_CXX_LIBRARY = "libc++";
				CLANG_ENABLE_MODULES = YES;
				CLANG_ENABLE_OBJC_ARC = YES;
				CLANG_ENABLE_OBJC_WEAK = YES;
				CLANG_WARN_BLOCK_CAPTURE_AUTORELEASING = YES;
				CLANG_WARN_BOOL_CONVERSION = YES;
				CLANG_WARN_COMMA = YES;
				CLANG_WARN_CONSTANT_CONVERSION = YES;
				CLANG_WARN_DEPRECATED_OBJC_IMPLEMENTATIONS = YES;
				CLANG_WARN_DIRECT_OBJC_ISA_USAGE = YES_ERROR;
				CLANG_WARN_DOCUMENTATION_COMMENTS = YES;
				CLANG_WARN_EMPTY_BODY = YES;
				CLANG_WARN_ENUM_CONVERSION = YES;
				CLANG_WARN_INFINITE_RECURSION = YES;
				CLANG_WARN_INT_CONVERSION = YES;
				CLANG_WARN_NON_LITERAL_NULL_CONVERSION = YES;
				CLANG_WARN_OBJC_IMPLICIT_RETAIN_SELF = YES;
				CLANG_WARN_OBJC_LITERAL_CONVERSION = YES;
				CLANG_WARN_OBJC_ROOT_CLASS = YES_ERROR;
				CLANG_WARN_QUOTED_INCLUDE_IN_FRAMEWORK_HEADER = YES;
				CLANG_WARN_RANGE_LOOP_ANALYSIS = YES;
				CLANG_WARN_STRICT_PROTOTYPES = YES;
				CLANG_WARN_SUSPICIOUS_MOVE = YES;
				CLANG_WARN_UNGUARDED_AVAILABILITY = YES_AGGRESSIVE;
				CLANG_WARN_UNREACHABLE_CODE = YES;
				CLANG_WARN__DUPLICATE_METHOD_MATCH = YES;
				COPY_PHASE_STRIP = NO;
				DEBUG_INFORMATION_FORMAT = dwarf;
				ENABLE_STRICT_OBJC_MSGSEND = YES;
				ENABLE_TESTABILITY = YES;
				"EXCLUDED_ARCHS[sdk=iphonesimulator*]" = arm64;
				GCC_C_LANGUAGE_STANDARD = gnu11;
				GCC_DYNAMIC_NO_PIC = NO;
				GCC_NO_COMMON_BLOCKS = YES;
				GCC_OPTIMIZATION_LEVEL = 0;
				GCC_PREPROCESSOR_DEFINITIONS = (
					"DEBUG=1",
					"$(inherited)",
				);
				GCC_WARN_64_TO_32_BIT_CONVERSION = YES;
				GCC_WARN_ABOUT_RETURN_TYPE = YES_ERROR;
				GCC_WARN_UNDECLARED_SELECTOR = YES;
				GCC_WARN_UNINITIALIZED_AUTOS = YES_AGGRESSIVE;
				GCC_WARN_UNUSED_FUNCTION = YES;
				GCC_WARN_UNUSED_VARIABLE = YES;
				IPHONEOS_DEPLOYMENT_TARGET = 14.0;
				MTL_ENABLE_DEBUG_INFO = INCLUDE_SOURCE;
				MTL_FAST_MATH = YES;
				ONLY_ACTIVE_ARCH = YES;
				SDKROOT = iphoneos;
				SWIFT_ACTIVE_COMPILATION_CONDITIONS = DEBUG;
				SWIFT_OPTIMIZATION_LEVEL = "-Onone";
				VALIDATE_WORKSPACE = YES;
			};
			name = Debug;
		};
		5908C0BE27B85A2F002DA7FC /* Release */ = {
			isa = XCBuildConfiguration;
			buildSettings = {
				ALWAYS_SEARCH_USER_PATHS = NO;
				CLANG_ANALYZER_NONNULL = YES;
				CLANG_ANALYZER_NUMBER_OBJECT_CONVERSION = YES_AGGRESSIVE;
				CLANG_CXX_LANGUAGE_STANDARD = "gnu++17";
				CLANG_CXX_LIBRARY = "libc++";
				CLANG_ENABLE_MODULES = YES;
				CLANG_ENABLE_OBJC_ARC = YES;
				CLANG_ENABLE_OBJC_WEAK = YES;
				CLANG_WARN_BLOCK_CAPTURE_AUTORELEASING = YES;
				CLANG_WARN_BOOL_CONVERSION = YES;
				CLANG_WARN_COMMA = YES;
				CLANG_WARN_CONSTANT_CONVERSION = YES;
				CLANG_WARN_DEPRECATED_OBJC_IMPLEMENTATIONS = YES;
				CLANG_WARN_DIRECT_OBJC_ISA_USAGE = YES_ERROR;
				CLANG_WARN_DOCUMENTATION_COMMENTS = YES;
				CLANG_WARN_EMPTY_BODY = YES;
				CLANG_WARN_ENUM_CONVERSION = YES;
				CLANG_WARN_INFINITE_RECURSION = YES;
				CLANG_WARN_INT_CONVERSION = YES;
				CLANG_WARN_NON_LITERAL_NULL_CONVERSION = YES;
				CLANG_WARN_OBJC_IMPLICIT_RETAIN_SELF = YES;
				CLANG_WARN_OBJC_LITERAL_CONVERSION = YES;
				CLANG_WARN_OBJC_ROOT_CLASS = YES_ERROR;
				CLANG_WARN_QUOTED_INCLUDE_IN_FRAMEWORK_HEADER = YES;
				CLANG_WARN_RANGE_LOOP_ANALYSIS = YES;
				CLANG_WARN_STRICT_PROTOTYPES = YES;
				CLANG_WARN_SUSPICIOUS_MOVE = YES;
				CLANG_WARN_UNGUARDED_AVAILABILITY = YES_AGGRESSIVE;
				CLANG_WARN_UNREACHABLE_CODE = YES;
				CLANG_WARN__DUPLICATE_METHOD_MATCH = YES;
				COPY_PHASE_STRIP = NO;
				DEBUG_INFORMATION_FORMAT = "dwarf-with-dsym";
				ENABLE_NS_ASSERTIONS = NO;
				ENABLE_STRICT_OBJC_MSGSEND = YES;
				"EXCLUDED_ARCHS[sdk=iphonesimulator*]" = arm64;
				GCC_C_LANGUAGE_STANDARD = gnu11;
				GCC_NO_COMMON_BLOCKS = YES;
				GCC_WARN_64_TO_32_BIT_CONVERSION = YES;
				GCC_WARN_ABOUT_RETURN_TYPE = YES_ERROR;
				GCC_WARN_UNDECLARED_SELECTOR = YES;
				GCC_WARN_UNINITIALIZED_AUTOS = YES_AGGRESSIVE;
				GCC_WARN_UNUSED_FUNCTION = YES;
				GCC_WARN_UNUSED_VARIABLE = YES;
				IPHONEOS_DEPLOYMENT_TARGET = 14.0;
				MTL_ENABLE_DEBUG_INFO = NO;
				MTL_FAST_MATH = YES;
				SDKROOT = iphoneos;
				SWIFT_COMPILATION_MODE = wholemodule;
				SWIFT_OPTIMIZATION_LEVEL = "-O";
				VALIDATE_PRODUCT = YES;
				VALIDATE_WORKSPACE = YES;
			};
			name = Release;
		};
		5908C0C027B85A2F002DA7FC /* Debug */ = {
			isa = XCBuildConfiguration;
			baseConfigurationReference = 3CB412DD0009DEE2823130F2 /* Pods-WeatherApp.debug.xcconfig */;
			buildSettings = {
				ASSETCATALOG_COMPILER_APPICON_NAME = AppIcon;
				ASSETCATALOG_COMPILER_GLOBAL_ACCENT_COLOR_NAME = AccentColor;
				CODE_SIGN_STYLE = Automatic;
				CURRENT_PROJECT_VERSION = 1;
				DEVELOPMENT_TEAM = PZ8M96SJJ4;
				GENERATE_INFOPLIST_FILE = YES;
				INFOPLIST_FILE = WeatherApp/Info.plist;
				INFOPLIST_KEY_UIApplicationSupportsIndirectInputEvents = YES;
				INFOPLIST_KEY_UILaunchStoryboardName = LaunchScreen;
				INFOPLIST_KEY_UIMainStoryboardFile = Main;
				INFOPLIST_KEY_UISupportedInterfaceOrientations = UIInterfaceOrientationPortrait;
				INFOPLIST_KEY_UISupportedInterfaceOrientations_iPad = "UIInterfaceOrientationPortrait UIInterfaceOrientationPortraitUpsideDown UIInterfaceOrientationLandscapeLeft UIInterfaceOrientationLandscapeRight";
				INFOPLIST_KEY_UISupportedInterfaceOrientations_iPhone = "UIInterfaceOrientationPortrait UIInterfaceOrientationLandscapeLeft UIInterfaceOrientationLandscapeRight";
				IPHONEOS_DEPLOYMENT_TARGET = 14.0;
				LD_RUNPATH_SEARCH_PATHS = (
					"$(inherited)",
					"@executable_path/Frameworks",
				);
				MARKETING_VERSION = 1.0;
				PRODUCT_BUNDLE_IDENTIFIER = com.andrew.weather.WeatherApp;
				PRODUCT_NAME = "$(TARGET_NAME)";
				SWIFT_EMIT_LOC_STRINGS = YES;
				SWIFT_VERSION = 5.0;
				TARGETED_DEVICE_FAMILY = 1;
			};
			name = Debug;
		};
		5908C0C127B85A2F002DA7FC /* Release */ = {
			isa = XCBuildConfiguration;
			baseConfigurationReference = 592FA02272B9A75927A63416 /* Pods-WeatherApp.release.xcconfig */;
			buildSettings = {
				ASSETCATALOG_COMPILER_APPICON_NAME = AppIcon;
				ASSETCATALOG_COMPILER_GLOBAL_ACCENT_COLOR_NAME = AccentColor;
				CODE_SIGN_STYLE = Automatic;
				CURRENT_PROJECT_VERSION = 1;
				DEVELOPMENT_TEAM = PZ8M96SJJ4;
				GENERATE_INFOPLIST_FILE = YES;
				INFOPLIST_FILE = WeatherApp/Info.plist;
				INFOPLIST_KEY_UIApplicationSupportsIndirectInputEvents = YES;
				INFOPLIST_KEY_UILaunchStoryboardName = LaunchScreen;
				INFOPLIST_KEY_UIMainStoryboardFile = Main;
				INFOPLIST_KEY_UISupportedInterfaceOrientations = UIInterfaceOrientationPortrait;
				INFOPLIST_KEY_UISupportedInterfaceOrientations_iPad = "UIInterfaceOrientationPortrait UIInterfaceOrientationPortraitUpsideDown UIInterfaceOrientationLandscapeLeft UIInterfaceOrientationLandscapeRight";
				INFOPLIST_KEY_UISupportedInterfaceOrientations_iPhone = "UIInterfaceOrientationPortrait UIInterfaceOrientationLandscapeLeft UIInterfaceOrientationLandscapeRight";
				IPHONEOS_DEPLOYMENT_TARGET = 14.0;
				LD_RUNPATH_SEARCH_PATHS = (
					"$(inherited)",
					"@executable_path/Frameworks",
				);
				MARKETING_VERSION = 1.0;
				PRODUCT_BUNDLE_IDENTIFIER = com.andrew.weather.WeatherApp;
				PRODUCT_NAME = "$(TARGET_NAME)";
				SWIFT_EMIT_LOC_STRINGS = YES;
				SWIFT_VERSION = 5.0;
				TARGETED_DEVICE_FAMILY = 1;
			};
			name = Release;
		};
/* End XCBuildConfiguration section */

/* Begin XCConfigurationList section */
		5908C0A627B85A2E002DA7FC /* Build configuration list for PBXProject "WeatherApp" */ = {
			isa = XCConfigurationList;
			buildConfigurations = (
				5908C0BD27B85A2F002DA7FC /* Debug */,
				5908C0BE27B85A2F002DA7FC /* Release */,
			);
			defaultConfigurationIsVisible = 0;
			defaultConfigurationName = Release;
		};
		5908C0BF27B85A2F002DA7FC /* Build configuration list for PBXNativeTarget "WeatherApp" */ = {
			isa = XCConfigurationList;
			buildConfigurations = (
				5908C0C027B85A2F002DA7FC /* Debug */,
				5908C0C127B85A2F002DA7FC /* Release */,
			);
			defaultConfigurationIsVisible = 0;
			defaultConfigurationName = Release;
		};
/* End XCConfigurationList section */
	};
	rootObject = 5908C0A327B85A2E002DA7FC /* Project object */;
}
